
Microsoft Visual Studio Solution File, Format Version 12.00
# Visual Studio Version 16
VisualStudioVersion = 16.0.31321.278
MinimumVisualStudioVersion = 10.0.40219.1
Project("{8BC9CEB8-8B4A-11D0-8D11-00A0C91BC942}") = "aeroengine", "aeroengine.vcxproj", "{6A56B82E-7CF8-4B22-9CD7-89BD12AEEF67}"
EndProject
Project("{8BC9CEB8-8B4A-11D0-8D11-00A0C91BC942}") = "graphics", "..\graphics\graphics.vcxproj", "{67BFDC1B-A8F5-4784-991C-564FE4F6168D}"
EndProject
Global
	GlobalSection(SolutionConfigurationPlatforms) = preSolution
		Debug|x64 = Debug|x64
		Debug|x86 = Debug|x86
		Release|x64 = Release|x64
		Release|x86 = Release|x86
	EndGlobalSection
	GlobalSection(ProjectConfigurationPlatforms) = postSolution
		{6A56B82E-7CF8-4B22-9CD7-89BD12AEEF67}.Debug|x64.ActiveCfg = Debug|x64
		{6A56B82E-7CF8-4B22-9CD7-89BD12AEEF67}.Debug|x64.Build.0 = Debug|x64
		{6A56B82E-7CF8-4B22-9CD7-89BD12AEEF67}.Debug|x86.ActiveCfg = Debug|Win32
		{6A56B82E-7CF8-4B22-9CD7-89BD12AEEF67}.Debug|x86.Build.0 = Debug|Win32
		{6A56B82E-7CF8-4B22-9CD7-89BD12AEEF67}.Release|x64.ActiveCfg = Release|x64
		{6A56B82E-7CF8-4B22-9CD7-89BD12AEEF67}.Release|x64.Build.0 = Release|x64
		{6A56B82E-7CF8-4B22-9CD7-89BD12AEEF67}.Release|x86.ActiveCfg = Release|Win32
		{6A56B82E-7CF8-4B22-9CD7-89BD12AEEF67}.Release|x86.Build.0 = Release|Win32
		{67BFDC1B-A8F5-4784-991C-564FE4F6168D}.Debug|x64.ActiveCfg = Debug|x64
		{67BFDC1B-A8F5-4784-991C-564FE4F6168D}.Debug|x64.Build.0 = Debug|x64
		{67BFDC1B-A8F5-4784-991C-564FE4F6168D}.Debug|x86.ActiveCfg = Debug|Win32
		{67BFDC1B-A8F5-4784-991C-564FE4F6168D}.Debug|x86.Build.0 = Debug|Win32
		{67BFDC1B-A8F5-4784-991C-564FE4F6168D}.Release|x64.ActiveCfg = Release|x64
		{67BFDC1B-A8F5-4784-991C-564FE4F6168D}.Release|x64.Build.0 = Release|x64
		{67BFDC1B-A8F5-4784-991C-564FE4F6168D}.Release|x86.ActiveCfg = Release|Win32
		{67BFDC1B-A8F5-4784-991C-564FE4F6168D}.Release|x86.Build.0 = Release|Win32
	EndGlobalSection
	GlobalSection(SolutionProperties) = preSolution
		HideSolutionNode = FALSE
	EndGlobalSection
	GlobalSection(ExtensibilityGlobals) = postSolution
		SolutionGuid = {E76CB9DC-D9D5-4197-B07F-A6B4D2449551}
	EndGlobalSection
EndGlobal
